
Microsoft Visual Studio Solution File, Format Version 12.00
# Visual Studio Version 16
VisualStudioVersion = 16.0.31624.102
MinimumVisualStudioVersion = 10.0.40219.1
Project("{FAE04EC0-301F-11D3-BF4B-00C04F79EFBC}") = "Compilers-Mini-PL", "Compilers-Mini-PL\Compilers-Mini-PL.csproj", "{B91F0DEA-2790-40EE-ACA0-D518B9873D4E}"
EndProject
Global
	GlobalSection(SolutionConfigurationPlatforms) = preSolution
		Debug|Any CPU = Debug|Any CPU
		Release|Any CPU = Release|Any CPU
	EndGlobalSection
	GlobalSection(ProjectConfigurationPlatforms) = postSolution
		{B91F0DEA-2790-40EE-ACA0-D518B9873D4E}.Debug|Any CPU.ActiveCfg = Debug|Any CPU
		{B91F0DEA-2790-40EE-ACA0-D518B9873D4E}.Debug|Any CPU.Build.0 = Debug|Any CPU
		{B91F0DEA-2790-40EE-ACA0-D518B9873D4E}.Release|Any CPU.ActiveCfg = Release|Any CPU
		{B91F0DEA-2790-40EE-ACA0-D518B9873D4E}.Release|Any CPU.Build.0 = Release|Any CPU
	EndGlobalSection
	GlobalSection(SolutionProperties) = preSolution
		HideSolutionNode = FALSE
	EndGlobalSection
	GlobalSection(ExtensibilityGlobals) = postSolution
		SolutionGuid = {1180CC19-843A-45B6-90DD-5CCB659BB443}
	EndGlobalSection
EndGlobal
